
Microsoft Visual Studio Solution File, Format Version 12.00
# Visual Studio Version 16
VisualStudioVersion = 16.0.32228.343
MinimumVisualStudioVersion = 10.0.40219.1
Project("{FAE04EC0-301F-11D3-BF4B-00C04F79EFBC}") = "Anuj_Core", "Anuj_Core\Anuj_Core.csproj", "{2437C7B7-137C-42D9-878E-4F47E7D50BD6}"
EndProject
Global
	GlobalSection(SolutionConfigurationPlatforms) = preSolution
		Debug|Any CPU = Debug|Any CPU
		Release|Any CPU = Release|Any CPU
	EndGlobalSection
	GlobalSection(ProjectConfigurationPlatforms) = postSolution
		{2437C7B7-137C-42D9-878E-4F47E7D50BD6}.Debug|Any CPU.ActiveCfg = Debug|Any CPU
		{2437C7B7-137C-42D9-878E-4F47E7D50BD6}.Debug|Any CPU.Build.0 = Debug|Any CPU
		{2437C7B7-137C-42D9-878E-4F47E7D50BD6}.Release|Any CPU.ActiveCfg = Release|Any CPU
		{2437C7B7-137C-42D9-878E-4F47E7D50BD6}.Release|Any CPU.Build.0 = Release|Any CPU
	EndGlobalSection
	GlobalSection(SolutionProperties) = preSolution
		HideSolutionNode = FALSE
	EndGlobalSection
	GlobalSection(ExtensibilityGlobals) = postSolution
		SolutionGuid = {49D84F3A-18B3-4D0B-BB75-7249798B265B}
	EndGlobalSection
EndGlobal
